PODS:
  - CocoaLumberjack (3.0.0):
    - CocoaLumberjack/Default (= 3.0.0)
    - CocoaLumberjack/Extensions (= 3.0.0)
  - CocoaLumberjack/Core (3.0.0)
  - CocoaLumberjack/Default (3.0.0):
    - CocoaLumberjack/Core
  - CocoaLumberjack/Extensions (3.0.0):
    - CocoaLumberjack/Default
  - YapDatabase (2.9.3):
    - YapDatabase/Standard (= 2.9.3)
  - YapDatabase/Standard (2.9.3):
    - YapDatabase/Standard/Core (= 2.9.3)
    - YapDatabase/Standard/Extensions (= 2.9.3)
  - YapDatabase/Standard/Core (2.9.3):
    - CocoaLumberjack (~> 3)
  - YapDatabase/Standard/Extensions (2.9.3):
    - YapDatabase/Standard/Core
    - YapDatabase/Standard/Extensions/ActionManager (= 2.9.3)
    - YapDatabase/Standard/Extensions/CloudKit (= 2.9.3)
    - YapDatabase/Standard/Extensions/ConnectionProxy (= 2.9.3)
    - YapDatabase/Standard/Extensions/CrossProcessNotification (= 2.9.3)
    - YapDatabase/Standard/Extensions/FilteredViews (= 2.9.3)
    - YapDatabase/Standard/Extensions/FullTextSearch (= 2.9.3)
    - YapDatabase/Standard/Extensions/Hooks (= 2.9.3)
    - YapDatabase/Standard/Extensions/Relationships (= 2.9.3)
    - YapDatabase/Standard/Extensions/RTreeIndex (= 2.9.3)
    - YapDatabase/Standard/Extensions/SearchResults (= 2.9.3)
    - YapDatabase/Standard/Extensions/SecondaryIndex (= 2.9.3)
    - YapDatabase/Standard/Extensions/Views (= 2.9.3)
  - YapDatabase/Standard/Extensions/ActionManager (2.9.3):
    - YapDatabase/Standard/Core
    - YapDatabase/Standard/Extensions/Views
  - YapDatabase/Standard/Extensions/CloudKit (2.9.3):
    - YapDatabase/Standard/Core
  - YapDatabase/Standard/Extensions/ConnectionProxy (2.9.3):
    - YapDatabase/Standard/Core
  - YapDatabase/Standard/Extensions/CrossProcessNotification (2.9.3):
    - YapDatabase/Standard/Core
  - YapDatabase/Standard/Extensions/FilteredViews (2.9.3):
    - YapDatabase/Standard/Core
    - YapDatabase/Standard/Extensions/Views
  - YapDatabase/Standard/Extensions/FullTextSearch (2.9.3):
    - YapDatabase/Standard/Core
  - YapDatabase/Standard/Extensions/Hooks (2.9.3):
    - YapDatabase/Standard/Core
  - YapDatabase/Standard/Extensions/Relationships (2.9.3):
    - YapDatabase/Standard/Core
  - YapDatabase/Standard/Extensions/RTreeIndex (2.9.3):
    - YapDatabase/Standard/Core
  - YapDatabase/Standard/Extensions/SearchResults (2.9.3):
    - YapDatabase/Standard/Core
    - YapDatabase/Standard/Extensions/FullTextSearch
    - YapDatabase/Standard/Extensions/Views
  - YapDatabase/Standard/Extensions/SecondaryIndex (2.9.3):
    - YapDatabase/Standard/Core
  - YapDatabase/Standard/Extensions/Views (2.9.3):
    - YapDatabase/Standard/Core

DEPENDENCIES:
  - YapDatabase (from `../../`)

EXTERNAL SOURCES:
  YapDatabase:
    :path: "../../"

SPEC CHECKSUMS:
  CocoaLumberjack: c823149bccc5519a9447aeb433be7b1212a7d6a5
  YapDatabase: 4d05ed66d46a04d865491dbaa88d1fd8bfc679c6

PODFILE CHECKSUM: 63b6c8d1867bffe5be44364b5bfc32ac72d27d98

COCOAPODS: 1.1.1
